
Microsoft Visual Studio Solution File, Format Version 12.00
# Visual Studio 15
Project("{FAE04EC0-301F-11D3-BF4B-00C04F79EFBC}") = "Assembly-CSharp", "Assembly-CSharp.csproj", "{FCA6609D-79E1-7B23-D43D-79826C677DD0}"
EndProject
Global
	GlobalSection(SolutionConfigurationPlatforms) = preSolution
		Debug|Any CPU = Debug|Any CPU
		Release|Any CPU = Release|Any CPU
	EndGlobalSection
	GlobalSection(ProjectConfigurationPlatforms) = postSolution
		{FCA6609D-79E1-7B23-D43D-79826C677DD0}.Debug|Any CPU.ActiveCfg = Debug|Any CPU
		{FCA6609D-79E1-7B23-D43D-79826C677DD0}.Debug|Any CPU.Build.0 = Debug|Any CPU
		{FCA6609D-79E1-7B23-D43D-79826C677DD0}.Release|Any CPU.ActiveCfg = Release|Any CPU
		{FCA6609D-79E1-7B23-D43D-79826C677DD0}.Release|Any CPU.Build.0 = Release|Any CPU
	EndGlobalSection
	GlobalSection(SolutionProperties) = preSolution
		HideSolutionNode = FALSE
	EndGlobalSection
EndGlobal
