
Microsoft Visual Studio Solution File, Format Version 12.00
# Visual Studio 15
VisualStudioVersion = 15.0.27428.2015
MinimumVisualStudioVersion = 10.0.40219.1
Project("{FAE04EC0-301F-11D3-BF4B-00C04F79EFBC}") = "chatroom", "chatroom\chatroom.csproj", "{7AD337CB-ABD5-4A97-A96E-2E23ADE69467}"
EndProject
Global
	GlobalSection(SolutionConfigurationPlatforms) = preSolution
		Debug|Any CPU = Debug|Any CPU
		Release|Any CPU = Release|Any CPU
	EndGlobalSection
	GlobalSection(ProjectConfigurationPlatforms) = postSolution
		{7AD337CB-ABD5-4A97-A96E-2E23ADE69467}.Debug|Any CPU.ActiveCfg = Debug|Any CPU
		{7AD337CB-ABD5-4A97-A96E-2E23ADE69467}.Debug|Any CPU.Build.0 = Debug|Any CPU
		{7AD337CB-ABD5-4A97-A96E-2E23ADE69467}.Release|Any CPU.ActiveCfg = Release|Any CPU
		{7AD337CB-ABD5-4A97-A96E-2E23ADE69467}.Release|Any CPU.Build.0 = Release|Any CPU
	EndGlobalSection
	GlobalSection(SolutionProperties) = preSolution
		HideSolutionNode = FALSE
	EndGlobalSection
	GlobalSection(ExtensibilityGlobals) = postSolution
		SolutionGuid = {CE9A81A1-F237-4EB5-A458-E9A0F7BBB205}
	EndGlobalSection
EndGlobal
